// !$*UTF8*$!
{
	archiveVersion = 1;
	classes = {
	};
	objectVersion = 55;
	objects = {

/* Begin PBXBuildFile section */
		4397BF1E276E857800D2ABDD /* AppDelegate.swift in Sources */ = {isa = PBXBuildFile; fileRef = 4397BF1D276E857800D2ABDD /* AppDelegate.swift */; };
		4397BF20276E857800D2ABDD /* SceneDelegate.swift in Sources */ = {isa = PBXBuildFile; fileRef = 4397BF1F276E857800D2ABDD /* SceneDelegate.swift */; };
		4397BF22276E857800D2ABDD /* ViewController.swift in Sources */ = {isa = PBXBuildFile; fileRef = 4397BF21276E857800D2ABDD /* ViewController.swift */; };
		4397BF25276E857800D2ABDD /* Main.storyboard in Resources */ = {isa = PBXBuildFile; fileRef = 4397BF23276E857800D2ABDD /* Main.storyboard */; };
		4397BF27276E857A00D2ABDD /* Assets.xcassets in Resources */ = {isa = PBXBuildFile; fileRef = 4397BF26276E857A00D2ABDD /* Assets.xcassets */; };
		4397BF2A276E857A00D2ABDD /* LaunchScreen.storyboard in Resources */ = {isa = PBXBuildFile; fileRef = 4397BF28276E857A00D2ABDD /* LaunchScreen.storyboard */; };
		4397BF37276E89C100D2ABDD /* BlueViewController.swift in Sources */ = {isa = PBXBuildFile; fileRef = 4397BF36276E89C100D2ABDD /* BlueViewController.swift */; };
		4397BF39276E8A2800D2ABDD /* TeaColorViewController.swift in Sources */ = {isa = PBXBuildFile; fileRef = 4397BF38276E8A2800D2ABDD /* TeaColorViewController.swift */; };
		4397BF3B276E8A8600D2ABDD /* person.swift in Sources */ = {isa = PBXBuildFile; fileRef = 4397BF3A276E8A8600D2ABDD /* person.swift */; };
/* End PBXBuildFile section */

/* Begin PBXFileReference section */
		4397BF1A276E857800D2ABDD /* basicMVC.app */ = {isa = PBXFileReference; explicitFileType = wrapper.application; includeInIndex = 0; path = basicMVC.app; sourceTree = BUILT_PRODUCTS_DIR; };
		4397BF1D276E857800D2ABDD /* AppDelegate.swift */ = {isa = PBXFileReference; lastKnownFileType = sourcecode.swift; path = AppDelegate.swift; sourceTree = "<group>"; };
		4397BF1F276E857800D2ABDD /* SceneDelegate.swift */ = {isa = PBXFileReference; lastKnownFileType = sourcecode.swift; path = SceneDelegate.swift; sourceTree = "<group>"; };
		4397BF21276E857800D2ABDD /* ViewController.swift */ = {isa = PBXFileReference; lastKnownFileType = sourcecode.swift; path = ViewController.swift; sourceTree = "<group>"; };
		4397BF24276E857800D2ABDD /* Base */ = {isa = PBXFileReference; lastKnownFileType = file.storyboard; name = Base; path = Base.lproj/Main.storyboard; sourceTree = "<group>"; };
		4397BF26276E857A00D2ABDD /* Assets.xcassets */ = {isa = PBXFileReference; lastKnownFileType = folder.assetcatalog; path = Assets.xcassets; sourceTree = "<group>"; };
		4397BF29276E857A00D2ABDD /* Base */ = {isa = PBXFileReference; lastKnownFileType = file.storyboard; name = Base; path = Base.lproj/LaunchScreen.storyboard; sourceTree = "<group>"; };
		4397BF2B276E857A00D2ABDD /* Info.plist */ = {isa = PBXFileReference; lastKnownFileType = text.plist.xml; path = Info.plist; sourceTree = "<group>"; };
		4397BF36276E89C100D2ABDD /* BlueViewController.swift */ = {isa = PBXFileReference; lastKnownFileType = sourcecode.swift; path = BlueViewController.swift; sourceTree = "<group>"; };
		4397BF38276E8A2800D2ABDD /* TeaColorViewController.swift */ = {isa = PBXFileReference; lastKnownFileType = sourcecode.swift; path = TeaColorViewController.swift; sourceTree = "<group>"; };
		4397BF3A276E8A8600D2ABDD /* person.swift */ = {isa = PBXFileReference; lastKnownFileType = sourcecode.swift; path = person.swift; sourceTree = "<group>"; };
/* End PBXFileReference section */

/* Begin PBXFrameworksBuildPhase section */
		4397BF17276E857800D2ABDD /* Frameworks */ = {
			isa = PBXFrameworksBuildPhase;
			buildActionMask = 2147483647;
			files = (
			);
			runOnlyForDeploymentPostprocessing = 0;
		};
/* End PBXFrameworksBuildPhase section */

/* Begin PBXGroup section */
		4397BF11276E857800D2ABDD = {
			isa = PBXGroup;
			children = (
				4397BF1C276E857800D2ABDD /* basicMVC */,
				4397BF1B276E857800D2ABDD /* Products */,
			);
			sourceTree = "<group>";
		};
		4397BF1B276E857800D2ABDD /* Products */ = {
			isa = PBXGroup;
			children = (
				4397BF1A276E857800D2ABDD /* basicMVC.app */,
			);
			name = Products;
			sourceTree = "<group>";
		};
		4397BF1C276E857800D2ABDD /* basicMVC */ = {
			isa = PBXGroup;
			children = (
				4397BF35276E860200D2ABDD /* models */,
				4397BF31276E85B100D2ABDD /* support */,
				4397BF32276E85BD00D2ABDD /* view_controllers */,
				4397BF33276E85D800D2ABDD /* storiboards */,
				4397BF34276E85F400D2ABDD /* resources */,
			);
			path = basicMVC;
			sourceTree = "<group>";
		};
		4397BF31276E85B100D2ABDD /* support */ = {
			isa = PBXGroup;
			children = (
				4397BF1D276E857800D2ABDD /* AppDelegate.swift */,
				4397BF1F276E857800D2ABDD /* SceneDelegate.swift */,
				4397BF2B276E857A00D2ABDD /* Info.plist */,
			);
			path = support;
			sourceTree = "<group>";
		};
		4397BF32276E85BD00D2ABDD /* view_controllers */ = {
			isa = PBXGroup;
			children = (
				4397BF36276E89C100D2ABDD /* BlueViewController.swift */,
				4397BF21276E857800D2ABDD /* ViewController.swift */,
				4397BF38276E8A2800D2ABDD /* TeaColorViewController.swift */,
			);
			path = view_controllers;
			sourceTree = "<group>";
		};
		4397BF33276E85D800D2ABDD /* storiboards */ = {
			isa = PBXGroup;
			children = (
				4397BF23276E857800D2ABDD /* Main.storyboard */,
				4397BF28276E857A00D2ABDD /* LaunchScreen.storyboard */,
			);
			path = storiboards;
			sourceTree = "<group>";
		};
		4397BF34276E85F400D2ABDD /* resources */ = {
			isa = PBXGroup;
			children = (
				4397BF26276E857A00D2ABDD /* Assets.xcassets */,
			);
			path = resources;
			sourceTree = "<group>";
		};
		4397BF35276E860200D2ABDD /* models */ = {
			isa = PBXGroup;
			children = (
				4397BF3A276E8A8600D2ABDD /* person.swift */,
			);
			path = models;
			sourceTree = "<group>";
		};
/* End PBXGroup section */

/* Begin PBXNativeTarget section */
		4397BF19276E857800D2ABDD /* basicMVC */ = {
			isa = PBXNativeTarget;
			buildConfigurationList = 4397BF2E276E857A00D2ABDD /* Build configuration list for PBXNativeTarget "basicMVC" */;
			buildPhases = (
				4397BF16276E857800D2ABDD /* Sources */,
				4397BF17276E857800D2ABDD /* Frameworks */,
				4397BF18276E857800D2ABDD /* Resources */,
			);
			buildRules = (
			);
			dependencies = (
			);
			name = basicMVC;
			productName = basicMVC;
			productReference = 4397BF1A276E857800D2ABDD /* basicMVC.app */;
			productType = "com.apple.product-type.application";
		};
/* End PBXNativeTarget section */

/* Begin PBXProject section */
		4397BF12276E857800D2ABDD /* Project object */ = {
			isa = PBXProject;
			attributes = {
				BuildIndependentTargetsInParallel = 1;
				LastSwiftUpdateCheck = 1310;
				LastUpgradeCheck = 1310;
				TargetAttributes = {
					4397BF19276E857800D2ABDD = {
						CreatedOnToolsVersion = 13.1;
					};
				};
			};
			buildConfigurationList = 4397BF15276E857800D2ABDD /* Build configuration list for PBXProject "basicMVC" */;
			compatibilityVersion = "Xcode 13.0";
			developmentRegion = en;
			hasScannedForEncodings = 0;
			knownRegions = (
				en,
				Base,
			);
			mainGroup = 4397BF11276E857800D2ABDD;
			productRefGroup = 4397BF1B276E857800D2ABDD /* Products */;
			projectDirPath = "";
			projectRoot = "";
			targets = (
				4397BF19276E857800D2ABDD /* basicMVC */,
			);
		};
/* End PBXProject section */

/* Begin PBXResourcesBuildPhase section */
		4397BF18276E857800D2ABDD /* Resources */ = {
			isa = PBXResourcesBuildPhase;
			buildActionMask = 2147483647;
			files = (
				4397BF2A276E857A00D2ABDD /* LaunchScreen.storyboard in Resources */,
				4397BF27276E857A00D2ABDD /* Assets.xcassets in Resources */,
				4397BF25276E857800D2ABDD /* Main.storyboard in Resources */,
			);
			runOnlyForDeploymentPostprocessing = 0;
		};
/* End PBXResourcesBuildPhase section */

/* Begin PBXSourcesBuildPhase section */
		4397BF16276E857800D2ABDD /* Sources */ = {
			isa = PBXSourcesBuildPhase;
			buildActionMask = 2147483647;
			files = (
				4397BF22276E857800D2ABDD /* ViewController.swift in Sources */,
				4397BF39276E8A2800D2ABDD /* TeaColorViewController.swift in Sources */,
				4397BF1E276E857800D2ABDD /* AppDelegate.swift in Sources */,
				4397BF37276E89C100D2ABDD /* BlueViewController.swift in Sources */,
				4397BF3B276E8A8600D2ABDD /* person.swift in Sources */,
				4397BF20276E857800D2ABDD /* SceneDelegate.swift in Sources */,
			);
			runOnlyForDeploymentPostprocessing = 0;
		};
/* End PBXSourcesBuildPhase section */

/* Begin PBXVariantGroup section */
		4397BF23276E857800D2ABDD /* Main.storyboard */ = {
			isa = PBXVariantGroup;
			children = (
				4397BF24276E857800D2ABDD /* Base */,
			);
			name = Main.storyboard;
			sourceTree = "<group>";
		};
		4397BF28276E857A00D2ABDD /* LaunchScreen.storyboard */ = {
			isa = PBXVariantGroup;
			children = (
				4397BF29276E857A00D2ABDD /* Base */,
			);
			name = LaunchScreen.storyboard;
			sourceTree = "<group>";
		};
/* End PBXVariantGroup section */

/* Begin XCBuildConfiguration section */
		4397BF2C276E857A00D2ABDD /* Debug */ = {
			isa = XCBuildConfiguration;
			buildSettings = {
				ALWAYS_SEARCH_USER_PATHS = NO;
				CLANG_ANALYZER_NONNULL = YES;
				CLANG_ANALYZER_NUMBER_OBJECT_CONVERSION = YES_AGGRESSIVE;
				CLANG_CXX_LANGUAGE_STANDARD = "gnu++17";
				CLANG_CXX_LIBRARY = "libc++";
				CLANG_ENABLE_MODULES = YES;
				CLANG_ENABLE_OBJC_ARC = YES;
				CLANG_ENABLE_OBJC_WEAK = YES;
				CLANG_WARN_BLOCK_CAPTURE_AUTORELEASING = YES;
				CLANG_WARN_BOOL_CONVERSION = YES;
				CLANG_WARN_COMMA = YES;
				CLANG_WARN_CONSTANT_CONVERSION = YES;
				CLANG_WARN_DEPRECATED_OBJC_IMPLEMENTATIONS = YES;
				CLANG_WARN_DIRECT_OBJC_ISA_USAGE = YES_ERROR;
				CLANG_WARN_DOCUMENTATION_COMMENTS = YES;
				CLANG_WARN_EMPTY_BODY = YES;
				CLANG_WARN_ENUM_CONVERSION = YES;
				CLANG_WARN_INFINITE_RECURSION = YES;
				CLANG_WARN_INT_CONVERSION = YES;
				CLANG_WARN_NON_LITERAL_NULL_CONVERSION = YES;
				CLANG_WARN_OBJC_IMPLICIT_RETAIN_SELF = YES;
				CLANG_WARN_OBJC_LITERAL_CONVERSION = YES;
				CLANG_WARN_OBJC_ROOT_CLASS = YES_ERROR;
				CLANG_WARN_QUOTED_INCLUDE_IN_FRAMEWORK_HEADER = YES;
				CLANG_WARN_RANGE_LOOP_ANALYSIS = YES;
				CLANG_WARN_STRICT_PROTOTYPES = YES;
				CLANG_WARN_SUSPICIOUS_MOVE = YES;
				CLANG_WARN_UNGUARDED_AVAILABILITY = YES_AGGRESSIVE;
				CLANG_WARN_UNREACHABLE_CODE = YES;
				CLANG_WARN__DUPLICATE_METHOD_MATCH = YES;
				COPY_PHASE_STRIP = NO;
				DEBUG_INFORMATION_FORMAT = dwarf;
				ENABLE_STRICT_OBJC_MSGSEND = YES;
				ENABLE_TESTABILITY = YES;
				GCC_C_LANGUAGE_STANDARD = gnu11;
				GCC_DYNAMIC_NO_PIC = NO;
				GCC_NO_COMMON_BLOCKS = YES;
				GCC_OPTIMIZATION_LEVEL = 0;
				GCC_PREPROCESSOR_DEFINITIONS = (
					"DEBUG=1",
					"$(inherited)",
				);
				GCC_WARN_64_TO_32_BIT_CONVERSION = YES;
				GCC_WARN_ABOUT_RETURN_TYPE = YES_ERROR;
				GCC_WARN_UNDECLARED_SELECTOR = YES;
				GCC_WARN_UNINITIALIZED_AUTOS = YES_AGGRESSIVE;
				GCC_WARN_UNUSED_FUNCTION = YES;
				GCC_WARN_UNUSED_VARIABLE = YES;
				IPHONEOS_DEPLOYMENT_TARGET = 15.0;
				MTL_ENABLE_DEBUG_INFO = INCLUDE_SOURCE;
				MTL_FAST_MATH = YES;
				ONLY_ACTIVE_ARCH = YES;
				SDKROOT = iphoneos;
				SWIFT_ACTIVE_COMPILATION_CONDITIONS = DEBUG;
				SWIFT_OPTIMIZATION_LEVEL = "-Onone";
			};
			name = Debug;
		};
		4397BF2D276E857A00D2ABDD /* Release */ = {
			isa = XCBuildConfiguration;
			buildSettings = {
				ALWAYS_SEARCH_USER_PATHS = NO;
				CLANG_ANALYZER_NONNULL = YES;
				CLANG_ANALYZER_NUMBER_OBJECT_CONVERSION = YES_AGGRESSIVE;
				CLANG_CXX_LANGUAGE_STANDARD = "gnu++17";
				CLANG_CXX_LIBRARY = "libc++";
				CLANG_ENABLE_MODULES = YES;
				CLANG_ENABLE_OBJC_ARC = YES;
				CLANG_ENABLE_OBJC_WEAK = YES;
				CLANG_WARN_BLOCK_CAPTURE_AUTORELEASING = YES;
				CLANG_WARN_BOOL_CONVERSION = YES;
				CLANG_WARN_COMMA = YES;
				CLANG_WARN_CONSTANT_CONVERSION = YES;
				CLANG_WARN_DEPRECATED_OBJC_IMPLEMENTATIONS = YES;
				CLANG_WARN_DIRECT_OBJC_ISA_USAGE = YES_ERROR;
				CLANG_WARN_DOCUMENTATION_COMMENTS = YES;
				CLANG_WARN_EMPTY_BODY = YES;
				CLANG_WARN_ENUM_CONVERSION = YES;
				CLANG_WARN_INFINITE_RECURSION = YES;
				CLANG_WARN_INT_CONVERSION = YES;
				CLANG_WARN_NON_LITERAL_NULL_CONVERSION = YES;
				CLANG_WARN_OBJC_IMPLICIT_RETAIN_SELF = YES;
				CLANG_WARN_OBJC_LITERAL_CONVERSION = YES;
				CLANG_WARN_OBJC_ROOT_CLASS = YES_ERROR;
				CLANG_WARN_QUOTED_INCLUDE_IN_FRAMEWORK_HEADER = YES;
				CLANG_WARN_RANGE_LOOP_ANALYSIS = YES;
				CLANG_WARN_STRICT_PROTOTYPES = YES;
				CLANG_WARN_SUSPICIOUS_MOVE = YES;
				CLANG_WARN_UNGUARDED_AVAILABILITY = YES_AGGRESSIVE;
				CLANG_WARN_UNREACHABLE_CODE = YES;
				CLANG_WARN__DUPLICATE_METHOD_MATCH = YES;
				COPY_PHASE_STRIP = NO;
				DEBUG_INFORMATION_FORMAT = "dwarf-with-dsym";
				ENABLE_NS_ASSERTIONS = NO;
				ENABLE_STRICT_OBJC_MSGSEND = YES;
				GCC_C_LANGUAGE_STANDARD = gnu11;
				GCC_NO_COMMON_BLOCKS = YES;
				GCC_WARN_64_TO_32_BIT_CONVERSION = YES;
				GCC_WARN_ABOUT_RETURN_TYPE = YES_ERROR;
				GCC_WARN_UNDECLARED_SELECTOR = YES;
				GCC_WARN_UNINITIALIZED_AUTOS = YES_AGGRESSIVE;
				GCC_WARN_UNUSED_FUNCTION = YES;
				GCC_WARN_UNUSED_VARIABLE = YES;
				IPHONEOS_DEPLOYMENT_TARGET = 15.0;
				MTL_ENABLE_DEBUG_INFO = NO;
				MTL_FAST_MATH = YES;
				SDKROOT = iphoneos;
				SWIFT_COMPILATION_MODE = wholemodule;
				SWIFT_OPTIMIZATION_LEVEL = "-O";
				VALIDATE_PRODUCT = YES;
			};
			name = Release;
		};
		4397BF2F276E857A00D2ABDD /* Debug */ = {
			isa = XCBuildConfiguration;
			buildSettings = {
				ASSETCATALOG_COMPILER_APPICON_NAME = AppIcon;
				ASSETCATALOG_COMPILER_GLOBAL_ACCENT_COLOR_NAME = AccentColor;
				CODE_SIGN_STYLE = Automatic;
				CURRENT_PROJECT_VERSION = 1;
				DEVELOPMENT_TEAM = KQ547878C8;
				GENERATE_INFOPLIST_FILE = YES;
				INFOPLIST_FILE = basicMVC/support/Info.plist;
				INFOPLIST_KEY_UIApplicationSupportsIndirectInputEvents = YES;
				INFOPLIST_KEY_UILaunchStoryboardName = LaunchScreen;
				INFOPLIST_KEY_UIMainStoryboardFile = Main;
				INFOPLIST_KEY_UISupportedInterfaceOrientations = "UIInterfaceOrientationPortrait UIInterfaceOrientationLandscapeLeft UIInterfaceOrientationLandscapeRight";
				INFOPLIST_KEY_UISupportedInterfaceOrientations_iPad = "UIInterfaceOrientationPortrait UIInterfaceOrientationPortraitUpsideDown UIInterfaceOrientationLandscapeLeft UIInterfaceOrientationLandscapeRight";
				INFOPLIST_KEY_UISupportedInterfaceOrientations_iPhone = "UIInterfaceOrientationPortrait UIInterfaceOrientationLandscapeLeft UIInterfaceOrientationLandscapeRight";
				LD_RUNPATH_SEARCH_PATHS = (
					"$(inherited)",
					"@executable_path/Frameworks",
				);
				MARKETING_VERSION = 1.0;
				PRODUCT_BUNDLE_IDENTIFIER = MVCPattern.basicMVC;
				PRODUCT_NAME = "$(TARGET_NAME)";
				SWIFT_EMIT_LOC_STRINGS = YES;
				SWIFT_VERSION = 5.0;
				TARGETED_DEVICE_FAMILY = 1;
			};
			name = Debug;
		};
		4397BF30276E857A00D2ABDD /* Release */ = {
			isa = XCBuildConfiguration;
			buildSettings = {
				ASSETCATALOG_COMPILER_APPICON_NAME = AppIcon;
				ASSETCATALOG_COMPILER_GLOBAL_ACCENT_COLOR_NAME = AccentColor;
				CODE_SIGN_STYLE = Automatic;
				CURRENT_PROJECT_VERSION = 1;
				DEVELOPMENT_TEAM = KQ547878C8;
				GENERATE_INFOPLIST_FILE = YES;
				INFOPLIST_FILE = basicMVC/support/Info.plist;
				INFOPLIST_KEY_UIApplicationSupportsIndirectInputEvents = YES;
				INFOPLIST_KEY_UILaunchStoryboardName = LaunchScreen;
				INFOPLIST_KEY_UIMainStoryboardFile = Main;
				INFOPLIST_KEY_UISupportedInterfaceOrientations = "UIInterfaceOrientationPortrait UIInterfaceOrientationLandscapeLeft UIInterfaceOrientationLandscapeRight";
				INFOPLIST_KEY_UISupportedInterfaceOrientations_iPad = "UIInterfaceOrientationPortrait UIInterfaceOrientationPortraitUpsideDown UIInterfaceOrientationLandscapeLeft UIInterfaceOrientationLandscapeRight";
				INFOPLIST_KEY_UISupportedInterfaceOrientations_iPhone = "UIInterfaceOrientationPortrait UIInterfaceOrientationLandscapeLeft UIInterfaceOrientationLandscapeRight";
				LD_RUNPATH_SEARCH_PATHS = (
					"$(inherited)",
					"@executable_path/Frameworks",
				);
				MARKETING_VERSION = 1.0;
				PRODUCT_BUNDLE_IDENTIFIER = MVCPattern.basicMVC;
				PRODUCT_NAME = "$(TARGET_NAME)";
				SWIFT_EMIT_LOC_STRINGS = YES;
				SWIFT_VERSION = 5.0;
				TARGETED_DEVICE_FAMILY = 1;
			};
			name = Release;
		};
/* End XCBuildConfiguration section */

/* Begin XCConfigurationList section */
		4397BF15276E857800D2ABDD /* Build configuration list for PBXProject "basicMVC" */ = {
			isa = XCConfigurationList;
			buildConfigurations = (
				4397BF2C276E857A00D2ABDD /* Debug */,
				4397BF2D276E857A00D2ABDD /* Release */,
			);
			defaultConfigurationIsVisible = 0;
			defaultConfigurationName = Release;
		};
		4397BF2E276E857A00D2ABDD /* Build configuration list for PBXNativeTarget "basicMVC" */ = {
			isa = XCConfigurationList;
			buildConfigurations = (
				4397BF2F276E857A00D2ABDD /* Debug */,
				4397BF30276E857A00D2ABDD /* Release */,
			);
			defaultConfigurationIsVisible = 0;
			defaultConfigurationName = Release;
		};
/* End XCConfigurationList section */
	};
	rootObject = 4397BF12276E857800D2ABDD /* Project object */;
}
